<?xml version="1.0" encoding="UTF-8" standalone="yes" ?>
<CodeBlocks_project_file>
	<FileVersion major="1" minor="6" />
	<Project>
		<Option title="DGL" />
		<Option pch_mode="2" />
		<Option compiler="gcc" />
		<Build>
			<Target title="Debug">
				<Option output="bin/Debug/DGL" prefix_auto="1" extension_auto="1" />
				<Option object_output="obj/Debug/" />
				<Option type="1" />
				<Option compiler="gcc" />
				<Compiler>
					<Add option="-g" />
					<Add directory="include" />
				</Compiler>
			</Target>
			<Target title="Release">
				<Option output="bin/Release/DGL" imp_lib="$(TARGET_OUTPUT_DIR)$(TARGET_OUTPUT_BASENAME).a" def_file="$(TARGET_OUTPUT_DIR)$(TARGET_OUTPUT_BASENAME).def" prefix_auto="1" extension_auto="1" />
				<Option object_output="obj/Release/" />
				<Option type="3" />
				<Option compiler="gcc" />
				<Option createDefFile="1" />
				<Option createStaticLib="1" />
				<Compiler>
					<Add option="-O2" />
					<Add option="-std=c++11" />
					<Add directory="include" />
				</Compiler>
				<Linker>
					<Add option="-s" />
				</Linker>
			</Target>
		</Build>
		<Compiler>
			<Add option="-fPIC" />
			<Add option="-Wall" />
		</Compiler>
		<Linker>
			<Add option="-fPIC" />
		</Linker>
		<Unit filename="include/DGL/BasicObject.h" />
		<Unit filename="include/DGL/Box.h" />
		<Unit filename="include/DGL/Camera.h" />
		<Unit filename="include/DGL/Color.h" />
		<Unit filename="include/DGL/ComplexGraphicObject.h" />
		<Unit filename="include/DGL/Coordinate.h" />
		<Unit filename="include/DGL/Double.h" />
		<Unit filename="include/DGL/FlatGraphicObject.h" />
		<Unit filename="include/DGL/GeneralObject.h" />
		<Unit filename="include/DGL/GraphicObject.h" />
		<Unit filename="include/DGL/Light.h" />
		<Unit filename="include/DGL/Location.h" />
		<Unit filename="include/DGL/Motion.h" />
		<Unit filename="include/DGL/Movement.h" />
		<Unit filename="include/DGL/Object.h" />
		<Unit filename="include/DGL/PhysicalObject.h" />
		<Unit filename="include/DGL/Position.h" />
		<Unit filename="include/DGL/Quad.h" />
		<Unit filename="include/DGL/Robot1.h" />
		<Unit filename="include/DGL/Rotation.h" />
		<Unit filename="include/DGL/Scale.h" />
		<Unit filename="include/DGL/Vector3D.h" />
		<Unit filename="include/DGL/VolumeGraphicObject.h" />
		<Unit filename="include/DGL/Window.h" />
		<Unit filename="include/DGL/World.h" />
		<Unit filename="pkgconfig/DGL.pc" />
		<Unit filename="src/DGL/BasicObject.cpp" />
		<Unit filename="src/DGL/Box.cpp" />
		<Unit filename="src/DGL/Camera.cpp" />
		<Unit filename="src/DGL/Color.cpp" />
		<Unit filename="src/DGL/ComplexGraphicObject.cpp" />
		<Unit filename="src/DGL/Coordinate.cpp" />
		<Unit filename="src/DGL/Double.cpp" />
		<Unit filename="src/DGL/FlatGraphicObject.cpp" />
		<Unit filename="src/DGL/GeneralObject.cpp" />
		<Unit filename="src/DGL/GraphicObject.cpp" />
		<Unit filename="src/DGL/Light.cpp" />
		<Unit filename="src/DGL/Location.cpp" />
		<Unit filename="src/DGL/Motion.cpp" />
		<Unit filename="src/DGL/Movement.cpp" />
		<Unit filename="src/DGL/Object.cpp" />
		<Unit filename="src/DGL/PhysicalObject.cpp" />
		<Unit filename="src/DGL/Position.cpp" />
		<Unit filename="src/DGL/Quad.cpp" />
		<Unit filename="src/DGL/Robot1.cpp" />
		<Unit filename="src/DGL/Rotation.cpp" />
		<Unit filename="src/DGL/Scale.cpp" />
		<Unit filename="src/DGL/Vector3D.cpp" />
		<Unit filename="src/DGL/VolumeGraphicObject.cpp" />
		<Unit filename="src/DGL/Window.cpp" />
		<Unit filename="src/DGL/World.cpp" />
		<Unit filename="src/DGL/main.cpp" />
		<Extensions>
			<DoxyBlocks>
				<comment_style block="0" line="0" />
				<doxyfile_project output_language="French" />
				<doxyfile_build extract_all="1" extract_private="1" extract_static="1" />
				<doxyfile_warnings />
				<doxyfile_output />
				<doxyfile_dot class_diagrams="1" have_dot="1" />
				<general />
			</DoxyBlocks>
			<code_completion />
			<envvars />
			<debugger />
			<lib_finder>
				<lib name="gl" />
				<lib name="glu" />
				<lib name="sdl" />
			</lib_finder>
		</Extensions>
	</Project>
</CodeBlocks_project_file>
